lockfileVersion: '9.0'

settings:
  autoInstallPeers: true
  excludeLinksFromLockfile: false

importers:

  .:
    dependencies:
      '@deanc/esbuild-plugin-postcss':
        specifier: ^3.0.0
        version: 3.0.0(esbuild@0.27.7)
      '@types/node':
        specifier: ^25.5.2
        version: 25.5.2
      '@types/pretty-time':
        specifier: ^1.1.5
        version: 1.1.5
      '@types/yargs':
        specifier: ^17.0.35
        version: 17.0.35
      async-mutex:
        specifier: ^0.5.0
        version: 0.5.0
      biblatex-csl-converter:
        specifier: ^3.5.5
        version: 3.5.5
      esbuild:
        specifier: ^0.27.7
        version: 0.27.7
      globby:
        specifier: ^16.2.0
        version: 16.2.0
      gray-matter:
        specifier: ^4.0.3
        version: 4.0.3
      pretty-time:
        specifier: ^1.1.0
        version: 1.1.0
      to-vfile:
        specifier: ^8.0.0
        version: 8.0.0
      typescript:
        specifier: ^6.0.2
        version: 6.0.2
      yargs:
        specifier: ^18.0.0
        version: 18.0.0
    devDependencies:
      prettier:
        specifier: ^3.8.1
        version: 3.8.1
      tsx:
        specifier: ^4.21.0
        version: 4.21.0

packages:

  '@babel/runtime-corejs3@7.29.2':
    resolution: {integrity: sha512-Lc94FOD5+0aXhdb0Tdg3RUtqT6yWbI/BbFWvlaSJ3gAb9Ks+99nHRDKADVqC37er4eCB0fHyWT+y+K3QOvJKbw==}
    engines: {node: '>=6.9.0'}

  '@deanc/esbuild-plugin-postcss@3.0.0':
    resolution: {integrity: sha512-D/+r9nH7Q+ZD8Ip7kJaWrISEXBeqYnJmdcqbugspE19791nqZFPwCpqPznSNyovbA5GGApm0auVF9YfakdsBug==}
    engines: {node: '>=22'}
    peerDependencies:
      esbuild: ^0.27.0

  '@esbuild/aix-ppc64@0.27.7':
    resolution: {integrity: sha512-EKX3Qwmhz1eMdEJokhALr0YiD0lhQNwDqkPYyPhiSwKrh7/4KRjQc04sZ8db+5DVVnZ1LmbNDI1uAMPEUBnQPg==}
    engines: {node: '>=18'}
    cpu: [ppc64]
    os: [aix]

  '@esbuild/android-arm64@0.27.7':
    resolution: {integrity: sha512-62dPZHpIXzvChfvfLJow3q5dDtiNMkwiRzPylSCfriLvZeq0a1bWChrGx/BbUbPwOrsWKMn8idSllklzBy+dgQ==}
    engines: {node: '>=18'}
    cpu: [arm64]
    os: [android]

  '@esbuild/android-arm@0.27.7':
    resolution: {integrity: sha512-jbPXvB4Yj2yBV7HUfE2KHe4GJX51QplCN1pGbYjvsyCZbQmies29EoJbkEc+vYuU5o45AfQn37vZlyXy4YJ8RQ==}
    engines: {node: '>=18'}
    cpu: [arm]
    os: [android]

  '@esbuild/android-x64@0.27.7':
    resolution: {integrity: sha512-x5VpMODneVDb70PYV2VQOmIUUiBtY3D3mPBG8NxVk5CogneYhkR7MmM3yR/uMdITLrC1ml/NV1rj4bMJuy9MCg==}
    engines: {node: '>=18'}
    cpu: [x64]
    os: [android]

  '@esbuild/darwin-arm64@0.27.7':
    resolution: {integrity: sha512-5lckdqeuBPlKUwvoCXIgI2D9/ABmPq3Rdp7IfL70393YgaASt7tbju3Ac+ePVi3KDH6N2RqePfHnXkaDtY9fkw==}
    engines: {node: '>=18'}
    cpu: [arm64]
    os: [darwin]

  '@esbuild/darwin-x64@0.27.7':
    resolution: {integrity: sha512-rYnXrKcXuT7Z+WL5K980jVFdvVKhCHhUwid+dDYQpH+qu+TefcomiMAJpIiC2EM3Rjtq0sO3StMV/+3w3MyyqQ==}
    engines: {node: '>=18'}
    cpu: [x64]
    os: [darwin]

  '@esbuild/freebsd-arm64@0.27.7':
    resolution: {integrity: sha512-B48PqeCsEgOtzME2GbNM2roU29AMTuOIN91dsMO30t+Ydis3z/3Ngoj5hhnsOSSwNzS+6JppqWsuhTp6E82l2w==}
    engines: {node: '>=18'}
    cpu: [arm64]
    os: [freebsd]

  '@esbuild/freebsd-x64@0.27.7':
    resolution: {integrity: sha512-jOBDK5XEjA4m5IJK3bpAQF9/Lelu/Z9ZcdhTRLf4cajlB+8VEhFFRjWgfy3M1O4rO2GQ/b2dLwCUGpiF/eATNQ==}
    engines: {node: '>=18'}
    cpu: [x64]
    os: [freebsd]

  '@esbuild/linux-arm64@0.27.7':
    resolution: {integrity: sha512-RZPHBoxXuNnPQO9rvjh5jdkRmVizktkT7TCDkDmQ0W2SwHInKCAV95GRuvdSvA7w4VMwfCjUiPwDi0ZO6Nfe9A==}
    engines: {node: '>=18'}
    cpu: [arm64]
    os: [linux]

  '@esbuild/linux-arm@0.27.7':
    resolution: {integrity: sha512-RkT/YXYBTSULo3+af8Ib0ykH8u2MBh57o7q/DAs3lTJlyVQkgQvlrPTnjIzzRPQyavxtPtfg0EopvDyIt0j1rA==}
    engines: {node: '>=18'}
    cpu: [arm]
    os: [linux]

  '@esbuild/linux-ia32@0.27.7':
    resolution: {integrity: sha512-GA48aKNkyQDbd3KtkplYWT102C5sn/EZTY4XROkxONgruHPU72l+gW+FfF8tf2cFjeHaRbWpOYa/uRBz/Xq1Pg==}
    engines: {node: '>=18'}
    cpu: [ia32]
    os: [linux]

  '@esbuild/linux-loong64@0.27.7':
    resolution: {integrity: sha512-a4POruNM2oWsD4WKvBSEKGIiWQF8fZOAsycHOt6JBpZ+JN2n2JH9WAv56SOyu9X5IqAjqSIPTaJkqN8F7XOQ5Q==}
    engines: {node: '>=18'}
    cpu: [loong64]
    os: [linux]

  '@esbuild/linux-mips64el@0.27.7':
    resolution: {integrity: sha512-KabT5I6StirGfIz0FMgl1I+R1H73Gp0ofL9A3nG3i/cYFJzKHhouBV5VWK1CSgKvVaG4q1RNpCTR2LuTVB3fIw==}
    engines: {node: '>=18'}
    cpu: [mips64el]
    os: [linux]

  '@esbuild/linux-ppc64@0.27.7':
    resolution: {integrity: sha512-gRsL4x6wsGHGRqhtI+ifpN/vpOFTQtnbsupUF5R5YTAg+y/lKelYR1hXbnBdzDjGbMYjVJLJTd2OFmMewAgwlQ==}
    engines: {node: '>=18'}
    cpu: [ppc64]
    os: [linux]

  '@esbuild/linux-riscv64@0.27.7':
    resolution: {integrity: sha512-hL25LbxO1QOngGzu2U5xeXtxXcW+/GvMN3ejANqXkxZ/opySAZMrc+9LY/WyjAan41unrR3YrmtTsUpwT66InQ==}
    engines: {node: '>=18'}
    cpu: [riscv64]
    os: [linux]

  '@esbuild/linux-s390x@0.27.7':
    resolution: {integrity: sha512-2k8go8Ycu1Kb46vEelhu1vqEP+UeRVj2zY1pSuPdgvbd5ykAw82Lrro28vXUrRmzEsUV0NzCf54yARIK8r0fdw==}
    engines: {node: '>=18'}
    cpu: [s390x]
    os: [linux]

  '@esbuild/linux-x64@0.27.7':
    resolution: {integrity: sha512-hzznmADPt+OmsYzw1EE33ccA+HPdIqiCRq7cQeL1Jlq2gb1+OyWBkMCrYGBJ+sxVzve2ZJEVeePbLM2iEIZSxA==}
    engines: {node: '>=18'}
    cpu: [x64]
    os: [linux]

  '@esbuild/netbsd-arm64@0.27.7':
    resolution: {integrity: sha512-b6pqtrQdigZBwZxAn1UpazEisvwaIDvdbMbmrly7cDTMFnw/+3lVxxCTGOrkPVnsYIosJJXAsILG9XcQS+Yu6w==}
    engines: {node: '>=18'}
    cpu: [arm64]
    os: [netbsd]

  '@esbuild/netbsd-x64@0.27.7':
    resolution: {integrity: sha512-OfatkLojr6U+WN5EDYuoQhtM+1xco+/6FSzJJnuWiUw5eVcicbyK3dq5EeV/QHT1uy6GoDhGbFpprUiHUYggrw==}
    engines: {node: '>=18'}
    cpu: [x64]
    os: [netbsd]

  '@esbuild/openbsd-arm64@0.27.7':
    resolution: {integrity: sha512-AFuojMQTxAz75Fo8idVcqoQWEHIXFRbOc1TrVcFSgCZtQfSdc1RXgB3tjOn/krRHENUB4j00bfGjyl2mJrU37A==}
    engines: {node: '>=18'}
    cpu: [arm64]
    os: [openbsd]

  '@esbuild/openbsd-x64@0.27.7':
    resolution: {integrity: sha512-+A1NJmfM8WNDv5CLVQYJ5PshuRm/4cI6WMZRg1by1GwPIQPCTs1GLEUHwiiQGT5zDdyLiRM/l1G0Pv54gvtKIg==}
    engines: {node: '>=18'}
    cpu: [x64]
    os: [openbsd]

  '@esbuild/openharmony-arm64@0.27.7':
    resolution: {integrity: sha512-+KrvYb/C8zA9CU/g0sR6w2RBw7IGc5J2BPnc3dYc5VJxHCSF1yNMxTV5LQ7GuKteQXZtspjFbiuW5/dOj7H4Yw==}
    engines: {node: '>=18'}
    cpu: [arm64]
    os: [openharmony]

  '@esbuild/sunos-x64@0.27.7':
    resolution: {integrity: sha512-ikktIhFBzQNt/QDyOL580ti9+5mL/YZeUPKU2ivGtGjdTYoqz6jObj6nOMfhASpS4GU4Q/Clh1QtxWAvcYKamA==}
    engines: {node: '>=18'}
    cpu: [x64]
    os: [sunos]

  '@esbuild/win32-arm64@0.27.7':
    resolution: {integrity: sha512-7yRhbHvPqSpRUV7Q20VuDwbjW5kIMwTHpptuUzV+AA46kiPze5Z7qgt6CLCK3pWFrHeNfDd1VKgyP4O+ng17CA==}
    engines: {node: '>=18'}
    cpu: [arm64]
    os: [win32]

  '@esbuild/win32-ia32@0.27.7':
    resolution: {integrity: sha512-SmwKXe6VHIyZYbBLJrhOoCJRB/Z1tckzmgTLfFYOfpMAx63BJEaL9ExI8x7v0oAO3Zh6D/Oi1gVxEYr5oUCFhw==}
    engines: {node: '>=18'}
    cpu: [ia32]
    os: [win32]

  '@esbuild/win32-x64@0.27.7':
    resolution: {integrity: sha512-56hiAJPhwQ1R4i+21FVF7V8kSD5zZTdHcVuRFMW0hn753vVfQN8xlx4uOPT4xoGH0Z/oVATuR82AiqSTDIpaHg==}
    engines: {node: '>=18'}
    cpu: [x64]
    os: [win32]

  '@nodelib/fs.scandir@2.1.5':
    resolution: {integrity: sha512-vq24Bq3ym5HEQm2NKCr3yXDwjc7vTsEThRDnkp2DK9p1uqLR+DHurm/NOTo0KG7HYHU7eppKZj3MyqYuMBf62g==}
    engines: {node: '>= 8'}

  '@nodelib/fs.stat@2.0.5':
    resolution: {integrity: sha512-RkhPPp2zrqDAQA/2jNhnztcPAlv64XdhIp7a7454A5ovI7Bukxgt7MX7udwAu3zg1DcpPU0rz3VV1SeaqvY4+A==}
    engines: {node: '>= 8'}

  '@nodelib/fs.walk@1.2.8':
    resolution: {integrity: sha512-oGB+UxlgWcgQkgwo8GcEGwemoTFt3FIO9ababBmaGwXIoBKZ+GTy0pP185beGg7Llih/NSHSV2XAs1lnznocSg==}
    engines: {node: '>= 8'}

  '@sindresorhus/merge-streams@4.0.0':
    resolution: {integrity: sha512-tlqY9xq5ukxTUZBmoOp+m61cqwQD5pHJtFY3Mn8CA8ps6yghLH/Hw8UPdqg4OLmFW3IFlcXnQNmo/dh8HzXYIQ==}
    engines: {node: '>=18'}

  '@types/node@25.5.2':
    resolution: {integrity: sha512-tO4ZIRKNC+MDWV4qKVZe3Ql/woTnmHDr5JD8UI5hn2pwBrHEwOEMZK7WlNb5RKB6EoJ02gwmQS9OrjuFnZYdpg==}

  '@types/pretty-time@1.1.5':
    resolution: {integrity: sha512-5yl+BYwmnRWZb783W8YYoHXvPY8q/rp7ctHBVaGBB9RxlzGpHNJ72tGQMK7TrUSnxzl1dbDcBDuBCSbtfnSQGg==}

  '@types/unist@3.0.3':
    resolution: {integrity: sha512-ko/gIFJRv177XgZsZcBwnqJN5x/Gien8qNOn0D5bQU/zAzVf9Zt3BlcUiLqhV9y4ARk0GbT3tnUiPNgnTXzc/Q==}

  '@types/yargs-parser@21.0.3':
    resolution: {integrity: sha512-I4q9QU9MQv4oEOz4tAHJtNz1cwuLxn2F3xcc2iV5WdqLPpUnj30aUuxt1mAxYTG+oe8CZMV/+6rU4S4gRDzqtQ==}

  '@types/yargs@17.0.35':
    resolution: {integrity: sha512-qUHkeCyQFxMXg79wQfTtfndEC+N9ZZg76HJftDJp+qH2tV7Gj4OJi7l+PiWwJ+pWtW8GwSmqsDj/oymhrTWXjg==}

  ansi-regex@6.2.2:
    resolution: {integrity: sha512-Bq3SmSpyFHaWjPk8If9yc6svM8c56dB5BAtW4Qbw5jHTwwXXcTLoRMkpDJp6VL0XzlWaCHTXrkFURMYmD0sLqg==}
    engines: {node: '>=12'}

  ansi-styles@6.2.3:
    resolution: {integrity: sha512-4Dj6M28JB+oAH8kFkTLUo+a2jwOFkuqb3yucU0CANcRRUbxS0cP0nZYCGjcc3BNXwRIsUVmDGgzawme7zvJHvg==}
    engines: {node: '>=12'}

  argparse@1.0.10:
    resolution: {integrity: sha512-o5Roy6tNG4SL/FOkCAN6RzjiakZS25RLYFrcMttJqbdd8BWrnA+fGz57iN5Pb06pvBGvl5gQ0B48dJlslXvoTg==}

  async-mutex@0.5.0:
    resolution: {integrity: sha512-1A94B18jkJ3DYq284ohPxoXbfTA5HsQ7/Mf4DEhcyLx3Bz27Rh59iScbB6EPiP+B+joue6YCxcMXSbFC1tZKwA==}

  autoprefixer@10.4.27:
    resolution: {integrity: sha512-NP9APE+tO+LuJGn7/9+cohklunJsXWiaWEfV3si4Gi/XHDwVNgkwr1J3RQYFIvPy76GmJ9/bW8vyoU1LcxwKHA==}
    engines: {node: ^10 || ^12 || >=14}
    hasBin: true
    peerDependencies:
      postcss: ^8.1.0

  baseline-browser-mapping@2.10.15:
    resolution: {integrity: sha512-1nfKCq9wuAZFTkA2ey/3OXXx7GzFjLdkTiFVNwlJ9WqdI706CZRIhEqjuwanjMIja+84jDLa9rcyZDPDiVkASQ==}
    engines: {node: '>=6.0.0'}
    hasBin: true

  biblatex-csl-converter@3.5.5:
    resolution: {integrity: sha512-PyUodW3szn6NvPoxHBqIhnFmlNUrO/znh0P4HudlNpVy3qaHvO4cnYqwCegnlswltHorZH4QRJpLEWCCnXvppg==}
    engines: {node: '>=22'}

  braces@3.0.3:
    resolution: {integrity: sha512-yQbXgO/OSZVD2IsiLlro+7Hf6Q18EJrKSEsdoMzKePKXct3gvD8oLcOQdIzGupr5Fj+EDe8gO/lxc1BzfMpxvA==}
    engines: {node: '>=8'}

  browserslist@4.28.2:
    resolution: {integrity: sha512-48xSriZYYg+8qXna9kwqjIVzuQxi+KYWp2+5nCYnYKPTr0LvD89Jqk2Or5ogxz0NUMfIjhh2lIUX/LyX9B4oIg==}
    engines: {node: ^6 || ^7 || ^8 || ^9 || ^10 || ^11 || ^12 || >=13.7}
    hasBin: true

  caniuse-lite@1.0.30001785:
    resolution: {integrity: sha512-blhOL/WNR+Km1RI/LCVAvA73xplXA7ZbjzI4YkMK9pa6T/P3F2GxjNpEkyw5repTw9IvkyrjyHpwjnhZ5FOvYQ==}

  cliui@9.0.1:
    resolution: {integrity: sha512-k7ndgKhwoQveBL+/1tqGJYNz097I7WOvwbmmU2AR5+magtbjPWQTS1C5vzGkBC8Ym8UWRzfKUzUUqFLypY4Q+w==}
    engines: {node: '>=20'}

  core-js-pure@3.49.0:
    resolution: {integrity: sha512-XM4RFka59xATyJv/cS3O3Kml72hQXUeGRuuTmMYFxwzc9/7C8OYTaIR/Ji+Yt8DXzsFLNhat15cE/JP15HrCgw==}

  electron-to-chromium@1.5.331:
    resolution: {integrity: sha512-IbxXrsTlD3hRodkLnbxAPP4OuJYdWCeM3IOdT+CpcMoIwIoDfCmRpEtSPfwBXxVkg9xmBeY7Lz2Eo2TDn/HC3Q==}

  emoji-regex@10.6.0:
    resolution: {integrity: sha512-toUI84YS5YmxW219erniWD0CIVOo46xGKColeNQRgOzDorgBi1v4D71/OFzgD9GO2UGKIv1C3Sp8DAn0+j5w7A==}

  esbuild@0.27.7:
    resolution: {integrity: sha512-IxpibTjyVnmrIQo5aqNpCgoACA/dTKLTlhMHihVHhdkxKyPO1uBBthumT0rdHmcsk9uMonIWS0m4FljWzILh3w==}
    engines: {node: '>=18'}
    hasBin: true

  escalade@3.2.0:
    resolution: {integrity: sha512-WUj2qlxaQtO4g6Pq5c29GTcWGDyd8itL8zTlipgECz3JesAiiOKotd8JU6otB3PACgG6xkJUyVhboMS+bje/jA==}
    engines: {node: '>=6'}

  esprima@4.0.1:
    resolution: {integrity: sha512-eGuFFw7Upda+g4p+QHvnW0RyTX/SVeJBDM/gCtMARO0cLuT2HcEKnTPvhjV6aGeqrCB/sbNop0Kszm0jsaWU4A==}
    engines: {node: '>=4'}
    hasBin: true

  extend-shallow@2.0.1:
    resolution: {integrity: sha512-zCnTtlxNoAiDc3gqY2aYAWFx7XWWiasuF2K8Me5WbN8otHKTUKBwjPtNpRs/rbUZm7KxWAaNj7P1a/p52GbVug==}
    engines: {node: '>=0.10.0'}

  fast-glob@3.3.3:
    resolution: {integrity: sha512-7MptL8U0cqcFdzIzwOTHoilX9x5BrNqye7Z/LuC7kCMRio1EMSyqRK3BEAUD7sXRq4iT4AzTVuZdhgQ2TCvYLg==}
    engines: {node: '>=8.6.0'}

  fastq@1.20.1:
    resolution: {integrity: sha512-GGToxJ/w1x32s/D2EKND7kTil4n8OVk/9mycTc4VDza13lOvpUZTGX3mFSCtV9ksdGBVzvsyAVLM6mHFThxXxw==}

  fill-range@7.1.1:
    resolution: {integrity: sha512-YsGpe3WHLK8ZYi4tWDg2Jy3ebRz2rXowDxnld4bkQB00cc/1Zw9AWnC0i9ztDJitivtQvaI9KaLyKrc+hBW0yg==}
    engines: {node: '>=8'}

  fraction.js@5.3.4:
    resolution: {integrity: sha512-1X1NTtiJphryn/uLQz3whtY6jK3fTqoE3ohKs0tT+Ujr1W59oopxmoEh7Lu5p6vBaPbgoM0bzveAW4Qi5RyWDQ==}

  fsevents@2.3.3:
    resolution: {integrity: sha512-5xoDfX+fL7faATnagmWPpbFtwh/R77WmMMqqHGS65C3vvB0YHrgF+B1YmZ3441tMj5n63k0212XNoJwzlhffQw==}
    engines: {node: ^8.16.0 || ^10.6.0 || >=11.0.0}
    os: [darwin]

  get-caller-file@2.0.5:
    resolution: {integrity: sha512-DyFP3BM/3YHTQOCUL/w0OZHR0lpKeGrxotcHWcqNEdnltqFwXVfhEBQ94eIo34AfQpo0rGki4cyIiftY06h2Fg==}
    engines: {node: 6.* || 8.* || >= 10.*}

  get-east-asian-width@1.5.0:
    resolution: {integrity: sha512-CQ+bEO+Tva/qlmw24dCejulK5pMzVnUOFOijVogd3KQs07HnRIgp8TGipvCCRT06xeYEbpbgwaCxglFyiuIcmA==}
    engines: {node: '>=18'}

  get-tsconfig@4.13.7:
    resolution: {integrity: sha512-7tN6rFgBlMgpBML5j8typ92BKFi2sFQvIdpAqLA2beia5avZDrMs0FLZiM5etShWq5irVyGcGMEA1jcDaK7A/Q==}

  glob-parent@5.1.2:
    resolution: {integrity: sha512-AOIgSQCepiJYwP3ARnGx+5VnTu2HBYdzbGP45eLw1vr3zB3vZLeyed1sC9hnbcOc9/SrMyM5RPQrkGz4aS9Zow==}
    engines: {node: '>= 6'}

  globby@16.2.0:
    resolution: {integrity: sha512-QrJia2qDf5BB/V6HYlDTs0I0lBahyjLzpGQg3KT7FnCdTonAyPy2RtY802m2k4ALx6Dp752f82WsOczEVr3l6Q==}
    engines: {node: '>=20'}

  gray-matter@4.0.3:
    resolution: {integrity: sha512-5v6yZd4JK3eMI3FqqCouswVqwugaA9r4dNZB1wwcmrD02QkV5H0y7XBQW8QwQqEaZY1pM9aqORSORhJRdNK44Q==}
    engines: {node: '>=6.0'}

  ignore@7.0.5:
    resolution: {integrity: sha512-Hs59xBNfUIunMFgWAbGX5cq6893IbWg4KnrjbYwX3tx0ztorVgTDA6B2sxf8ejHJ4wz8BqGUMYlnzNBer5NvGg==}
    engines: {node: '>= 4'}

  is-extendable@0.1.1:
    resolution: {integrity: sha512-5BMULNob1vgFX6EjQw5izWDxrecWK9AM72rugNr0TFldMOi0fj6Jk+zeKIt0xGj4cEfQIJth4w3OKWOJ4f+AFw==}
    engines: {node: '>=0.10.0'}

  is-extglob@2.1.1:
    resolution: {integrity: sha512-SbKbANkN603Vi4jEZv49LeVJMn4yGwsbzZworEoyEiutsN3nJYdbO36zfhGJ6QEDpOZIFkDtnq5JRxmvl3jsoQ==}
    engines: {node: '>=0.10.0'}

  is-glob@4.0.3:
    resolution: {integrity: sha512-xelSayHH36ZgE7ZWhli7pW34hNbNl8Ojv5KVmkJD4hBdD3th8Tfk9vYasLM+mXWOZhFkgZfxhLSnrwRr4elSSg==}
    engines: {node: '>=0.10.0'}

  is-number@7.0.0:
    resolution: {integrity: sha512-41Cifkg6e8TylSpdtTpeLVMqvSBEVzTttHvERD741+pnZ8ANv0004MRL43QKPDlK9cGvNp6NZWZUBlbGXYxxng==}
    engines: {node: '>=0.12.0'}

  is-path-inside@4.0.0:
    resolution: {integrity: sha512-lJJV/5dYS+RcL8uQdBDW9c9uWFLLBNRyFhnAKXw5tVqLlKZ4RMGZKv+YQ/IA3OhD+RpbJa1LLFM1FQPGyIXvOA==}
    engines: {node: '>=12'}

  js-yaml@3.14.2:
    resolution: {integrity: sha512-PMSmkqxr106Xa156c2M265Z+FTrPl+oxd/rgOQy2tijQeK5TxQ43psO1ZCwhVOSdnn+RzkzlRz/eY4BgJBYVpg==}
    hasBin: true

  kind-of@6.0.3:
    resolution: {integrity: sha512-dcS1ul+9tmeD95T+x28/ehLgd9mENa3LsvDTtzm3vyBEO7RPptvAD+t44WVXaUjTBRcrpFeFlC8WCruUR456hw==}
    engines: {node: '>=0.10.0'}

  merge2@1.4.1:
    resolution: {integrity: sha512-8q7VEgMJW4J8tcfVPy8g09NcQwZdbwFEqhe/WZkoIzjn/3TGDwtOCYtXGxA3O8tPzpczCCDgv+P2P5y00ZJOOg==}
    engines: {node: '>= 8'}

  micromatch@4.0.8:
    resolution: {integrity: sha512-PXwfBhYu0hBCPw8Dn0E+WDYb7af3dSLVWKi3HGv84IdF4TyFoC0ysxFd0Goxw7nSv4T/PzEJQxsYsEiFCKo2BA==}
    engines: {node: '>=8.6'}

  nanoid@3.3.11:
    resolution: {integrity: sha512-N8SpfPUnUp1bK+PMYW8qSWdl9U+wwNWI4QKxOYDy9JAro3WMX7p2OeVRF9v+347pnakNevPmiHhNmZ2HbFA76w==}
    engines: {node: ^10 || ^12 || ^13.7 || ^14 || >=15.0.1}
    hasBin: true

  node-releases@2.0.37:
    resolution: {integrity: sha512-1h5gKZCF+pO/o3Iqt5Jp7wc9rH3eJJ0+nh/CIoiRwjRxde/hAHyLPXYN4V3CqKAbiZPSeJFSWHmJsbkicta0Eg==}

  picocolors@1.1.1:
    resolution: {integrity: sha512-xceH2snhtb5M9liqDsmEw56le376mTZkEX/jEb/RxNFyegNul7eNslCXP9FDj/Lcu0X8KEyMceP2ntpaHrDEVA==}

  picomatch@2.3.2:
    resolution: {integrity: sha512-V7+vQEJ06Z+c5tSye8S+nHUfI51xoXIXjHQ99cQtKUkQqqO1kO/KCJUfZXuB47h/YBlDhah2H3hdUGXn8ie0oA==}
    engines: {node: '>=8.6'}

  postcss-value-parser@4.2.0:
    resolution: {integrity: sha512-1NNCs6uurfkVbeXG4S8JFT9t19m45ICnif8zWLd5oPSZ50QnwMfK+H3jv408d4jw/7Bttv5axS5IiHoLaVNHeQ==}

  postcss@8.5.8:
    resolution: {integrity: sha512-OW/rX8O/jXnm82Ey1k44pObPtdblfiuWnrd8X7GJ7emImCOstunGbXUpp7HdBrFQX6rJzn3sPT397Wp5aCwCHg==}
    engines: {node: ^10 || ^12 || >=14}

  prettier@3.8.1:
    resolution: {integrity: sha512-UOnG6LftzbdaHZcKoPFtOcCKztrQ57WkHDeRD9t/PTQtmT0NHSeWWepj6pS0z/N7+08BHFDQVUrfmfMRcZwbMg==}
    engines: {node: '>=14'}
    hasBin: true

  pretty-time@1.1.0:
    resolution: {integrity: sha512-28iF6xPQrP8Oa6uxE6a1biz+lWeTOAPKggvjB8HAs6nVMKZwf5bG++632Dx614hIWgUPkgivRfG+a8uAXGTIbA==}
    engines: {node: '>=4'}

  queue-microtask@1.2.3:
    resolution: {integrity: sha512-NuaNSa6flKT5JaSYQzJok04JzTL1CA6aGhv5rfLW3PgqA+M2ChpZQnAC8h8i4ZFkBS8X5RqkDBHA7r4hej3K9A==}

  resolve-pkg-maps@1.0.0:
    resolution: {integrity: sha512-seS2Tj26TBVOC2NIc2rOe2y2ZO7efxITtLZcGSOnHHNOQ7CkiUBfw0Iw2ck6xkIhPwLhKNLS8BO+hEpngQlqzw==}

  reusify@1.1.0:
    resolution: {integrity: sha512-g6QUff04oZpHs0eG5p83rFLhHeV00ug/Yf9nZM6fLeUrPguBTkTQOdpAWWspMh55TZfVQDPaN3NQJfbVRAxdIw==}
    engines: {iojs: '>=1.0.0', node: '>=0.10.0'}

  run-parallel@1.2.0:
    resolution: {integrity: sha512-5l4VyZR86LZ/lDxZTR6jqL8AFE2S0IFLMP26AbjsLVADxHdhB/c0GUsH+y39UfCi3dzz8OlQuPmnaJOMoDHQBA==}

  section-matter@1.0.0:
    resolution: {integrity: sha512-vfD3pmTzGpufjScBh50YHKzEu2lxBWhVEHsNGoEXmCmn2hKGfeNLYMzCJpe8cD7gqX7TJluOVpBkAequ6dgMmA==}
    engines: {node: '>=4'}

  slash@5.1.0:
    resolution: {integrity: sha512-ZA6oR3T/pEyuqwMgAKT0/hAv8oAXckzbkmR0UkUosQ+Mc4RxGoJkRmwHgHufaenlyAgE1Mxgpdcrf75y6XcnDg==}
    engines: {node: '>=14.16'}

  source-map-js@1.2.1:
    resolution: {integrity: sha512-UXWMKhLOwVKb728IUtQPXxfYU+usdybtUrK/8uGE8CQMvrhOpwvzDBwj0QhSL7MQc7vIsISBG8VQ8+IDQxpfQA==}
    engines: {node: '>=0.10.0'}

  sprintf-js@1.0.3:
    resolution: {integrity: sha512-D9cPgkvLlV3t3IzL0D0YLvGA9Ahk4PcvVwUbN0dSGr1aP0Nrt4AEnTUbuGvquEC0mA64Gqt1fzirlRs5ibXx8g==}

  string-width@7.2.0:
    resolution: {integrity: sha512-tsaTIkKW9b4N+AEj+SVA+WhJzV7/zMhcSu78mLKWSk7cXMOSHsBKFWUs0fWwq8QyK3MgJBQRX6Gbi4kYbdvGkQ==}
    engines: {node: '>=18'}

  strip-ansi@7.2.0:
    resolution: {integrity: sha512-yDPMNjp4WyfYBkHnjIRLfca1i6KMyGCtsVgoKe/z1+6vukgaENdgGBZt+ZmKPc4gavvEZ5OgHfHdrazhgNyG7w==}
    engines: {node: '>=12'}

  strip-bom-string@1.0.0:
    resolution: {integrity: sha512-uCC2VHvQRYu+lMh4My/sFNmF2klFymLX1wHJeXnbEJERpV/ZsVuonzerjfrGpIGF7LBVa1O7i9kjiWvJiFck8g==}
    engines: {node: '>=0.10.0'}

  to-regex-range@5.0.1:
    resolution: {integrity: sha512-65P7iz6X5yEr1cwcgvQxbbIw7Uk3gOy5dIdtZ4rDveLqhrdJP+Li/Hx6tyK0NEb+2GCyneCMJiGqrADCSNk8sQ==}
    engines: {node: '>=8.0'}

  to-vfile@8.0.0:
    resolution: {integrity: sha512-IcmH1xB5576MJc9qcfEC/m/nQCFt3fzMHz45sSlgJyTWjRbKW1HAkJpuf3DgE57YzIlZcwcBZA5ENQbBo4aLkg==}

  tslib@2.8.1:
    resolution: {integrity: sha512-oJFu94HQb+KVduSUQL7wnpmqnfmLsOA/nAh6b6EH0wCEoK0/mPeXU6c3wKDV83MkOuHPRHtSXKKU99IBazS/2w==}

  tsx@4.21.0:
    resolution: {integrity: sha512-5C1sg4USs1lfG0GFb2RLXsdpXqBSEhAaA/0kPL01wxzpMqLILNxIxIOKiILz+cdg/pLnOUxFYOR5yhHU666wbw==}
    engines: {node: '>=18.0.0'}
    hasBin: true

  typescript@6.0.2:
    resolution: {integrity: sha512-bGdAIrZ0wiGDo5l8c++HWtbaNCWTS4UTv7RaTH/ThVIgjkveJt83m74bBHMJkuCbslY8ixgLBVZJIOiQlQTjfQ==}
    engines: {node: '>=14.17'}
    hasBin: true

  undici-types@7.18.2:
    resolution: {integrity: sha512-AsuCzffGHJybSaRrmr5eHr81mwJU3kjw6M+uprWvCXiNeN9SOGwQ3Jn8jb8m3Z6izVgknn1R0FTCEAP2QrLY/w==}

  unicorn-magic@0.4.0:
    resolution: {integrity: sha512-wH590V9VNgYH9g3lH9wWjTrUoKsjLF6sGLjhR4sH1LWpLmCOH0Zf7PukhDA8BiS7KHe4oPNkcTHqYkj7SOGUOw==}
    engines: {node: '>=20'}

  unist-util-stringify-position@4.0.0:
    resolution: {integrity: sha512-0ASV06AAoKCDkS2+xw5RXJywruurpbC4JZSm7nr7MOt1ojAzvyyaO+UxZf18j8FCF6kmzCZKcAgN/yu2gm2XgQ==}

  update-browserslist-db@1.2.3:
    resolution: {integrity: sha512-Js0m9cx+qOgDxo0eMiFGEueWztz+d4+M3rGlmKPT+T4IS/jP4ylw3Nwpu6cpTTP8R1MAC1kF4VbdLt3ARf209w==}
    hasBin: true
    peerDependencies:
      browserslist: '>= 4.21.0'

  vfile-message@4.0.3:
    resolution: {integrity: sha512-QTHzsGd1EhbZs4AsQ20JX1rC3cOlt/IWJruk893DfLRr57lcnOeMaWG4K0JrRta4mIJZKth2Au3mM3u03/JWKw==}

  vfile@6.0.3:
    resolution: {integrity: sha512-KzIbH/9tXat2u30jf+smMwFCsno4wHVdNmzFyL+T/L3UGqqk6JKfVqOFOZEpZSHADH1k40ab6NUIXZq422ov3Q==}

  wrap-ansi@9.0.2:
    resolution: {integrity: sha512-42AtmgqjV+X1VpdOfyTGOYRi0/zsoLqtXQckTmqTeybT+BDIbM/Guxo7x3pE2vtpr1ok6xRqM9OpBe+Jyoqyww==}
    engines: {node: '>=18'}

  xregexp@5.1.2:
    resolution: {integrity: sha512-6hGgEMCGhqCTFEJbqmWrNIPqfpdirdGWkqshu7fFZddmTSfgv5Sn9D2SaKloR79s5VUiUlpwzg3CM3G6D3VIlw==}

  y18n@5.0.8:
    resolution: {integrity: sha512-0pfFzegeDWJHJIAmTLRP2DwHjdF5s7jo9tuztdQxAhINCdvS+3nGINqPd00AphqJR/0LhANUS6/+7SCb98YOfA==}
    engines: {node: '>=10'}

  yargs-parser@22.0.0:
    resolution: {integrity: sha512-rwu/ClNdSMpkSrUb+d6BRsSkLUq1fmfsY6TOpYzTwvwkg1/NRG85KBy3kq++A8LKQwX6lsu+aWad+2khvuXrqw==}
    engines: {node: ^20.19.0 || ^22.12.0 || >=23}

  yargs@18.0.0:
    resolution: {integrity: sha512-4UEqdc2RYGHZc7Doyqkrqiln3p9X2DZVxaGbwhn2pi7MrRagKaOcIKe8L3OxYcbhXLgLFUS3zAYuQjKBQgmuNg==}
    engines: {node: ^20.19.0 || ^22.12.0 || >=23}

snapshots:

  '@babel/runtime-corejs3@7.29.2':
    dependencies:
      core-js-pure: 3.49.0

  '@deanc/esbuild-plugin-postcss@3.0.0(esbuild@0.27.7)':
    dependencies:
      autoprefixer: 10.4.27(postcss@8.5.8)
      esbuild: 0.27.7
      postcss: 8.5.8

  '@esbuild/aix-ppc64@0.27.7':
    optional: true

  '@esbuild/android-arm64@0.27.7':
    optional: true

  '@esbuild/android-arm@0.27.7':
    optional: true

  '@esbuild/android-x64@0.27.7':
    optional: true

  '@esbuild/darwin-arm64@0.27.7':
    optional: true

  '@esbuild/darwin-x64@0.27.7':
    optional: true

  '@esbuild/freebsd-arm64@0.27.7':
    optional: true

  '@esbuild/freebsd-x64@0.27.7':
    optional: true

  '@esbuild/linux-arm64@0.27.7':
    optional: true

  '@esbuild/linux-arm@0.27.7':
    optional: true

  '@esbuild/linux-ia32@0.27.7':
    optional: true

  '@esbuild/linux-loong64@0.27.7':
    optional: true

  '@esbuild/linux-mips64el@0.27.7':
    optional: true

  '@esbuild/linux-ppc64@0.27.7':
    optional: true

  '@esbuild/linux-riscv64@0.27.7':
    optional: true

  '@esbuild/linux-s390x@0.27.7':
    optional: true

  '@esbuild/linux-x64@0.27.7':
    optional: true

  '@esbuild/netbsd-arm64@0.27.7':
    optional: true

  '@esbuild/netbsd-x64@0.27.7':
    optional: true

  '@esbuild/openbsd-arm64@0.27.7':
    optional: true

  '@esbuild/openbsd-x64@0.27.7':
    optional: true

  '@esbuild/openharmony-arm64@0.27.7':
    optional: true

  '@esbuild/sunos-x64@0.27.7':
    optional: true

  '@esbuild/win32-arm64@0.27.7':
    optional: true

  '@esbuild/win32-ia32@0.27.7':
    optional: true

  '@esbuild/win32-x64@0.27.7':
    optional: true

  '@nodelib/fs.scandir@2.1.5':
    dependencies:
      '@nodelib/fs.stat': 2.0.5
      run-parallel: 1.2.0

  '@nodelib/fs.stat@2.0.5': {}

  '@nodelib/fs.walk@1.2.8':
    dependencies:
      '@nodelib/fs.scandir': 2.1.5
      fastq: 1.20.1

  '@sindresorhus/merge-streams@4.0.0': {}

  '@types/node@25.5.2':
    dependencies:
      undici-types: 7.18.2

  '@types/pretty-time@1.1.5': {}

  '@types/unist@3.0.3': {}

  '@types/yargs-parser@21.0.3': {}

  '@types/yargs@17.0.35':
    dependencies:
      '@types/yargs-parser': 21.0.3

  ansi-regex@6.2.2: {}

  ansi-styles@6.2.3: {}

  argparse@1.0.10:
    dependencies:
      sprintf-js: 1.0.3

  async-mutex@0.5.0:
    dependencies:
      tslib: 2.8.1

  autoprefixer@10.4.27(postcss@8.5.8):
    dependencies:
      browserslist: 4.28.2
      caniuse-lite: 1.0.30001785
      fraction.js: 5.3.4
      picocolors: 1.1.1
      postcss: 8.5.8
      postcss-value-parser: 4.2.0

  baseline-browser-mapping@2.10.15: {}

  biblatex-csl-converter@3.5.5:
    dependencies:
      xregexp: 5.1.2

  braces@3.0.3:
    dependencies:
      fill-range: 7.1.1

  browserslist@4.28.2:
    dependencies:
      baseline-browser-mapping: 2.10.15
      caniuse-lite: 1.0.30001785
      electron-to-chromium: 1.5.331
      node-releases: 2.0.37
      update-browserslist-db: 1.2.3(browserslist@4.28.2)

  caniuse-lite@1.0.30001785: {}

  cliui@9.0.1:
    dependencies:
      string-width: 7.2.0
      strip-ansi: 7.2.0
      wrap-ansi: 9.0.2

  core-js-pure@3.49.0: {}

  electron-to-chromium@1.5.331: {}

  emoji-regex@10.6.0: {}

  esbuild@0.27.7:
    optionalDependencies:
      '@esbuild/aix-ppc64': 0.27.7
      '@esbuild/android-arm': 0.27.7
      '@esbuild/android-arm64': 0.27.7
      '@esbuild/android-x64': 0.27.7
      '@esbuild/darwin-arm64': 0.27.7
      '@esbuild/darwin-x64': 0.27.7
      '@esbuild/freebsd-arm64': 0.27.7
      '@esbuild/freebsd-x64': 0.27.7
      '@esbuild/linux-arm': 0.27.7
      '@esbuild/linux-arm64': 0.27.7
      '@esbuild/linux-ia32': 0.27.7
      '@esbuild/linux-loong64': 0.27.7
      '@esbuild/linux-mips64el': 0.27.7
      '@esbuild/linux-ppc64': 0.27.7
      '@esbuild/linux-riscv64': 0.27.7
      '@esbuild/linux-s390x': 0.27.7
      '@esbuild/linux-x64': 0.27.7
      '@esbuild/netbsd-arm64': 0.27.7
      '@esbuild/netbsd-x64': 0.27.7
      '@esbuild/openbsd-arm64': 0.27.7
      '@esbuild/openbsd-x64': 0.27.7
      '@esbuild/openharmony-arm64': 0.27.7
      '@esbuild/sunos-x64': 0.27.7
      '@esbuild/win32-arm64': 0.27.7
      '@esbuild/win32-ia32': 0.27.7
      '@esbuild/win32-x64': 0.27.7

  escalade@3.2.0: {}

  esprima@4.0.1: {}

  extend-shallow@2.0.1:
    dependencies:
      is-extendable: 0.1.1

  fast-glob@3.3.3:
    dependencies:
      '@nodelib/fs.stat': 2.0.5
      '@nodelib/fs.walk': 1.2.8
      glob-parent: 5.1.2
      merge2: 1.4.1
      micromatch: 4.0.8

  fastq@1.20.1:
    dependencies:
      reusify: 1.1.0

  fill-range@7.1.1:
    dependencies:
      to-regex-range: 5.0.1

  fraction.js@5.3.4: {}

  fsevents@2.3.3:
    optional: true

  get-caller-file@2.0.5: {}

  get-east-asian-width@1.5.0: {}

  get-tsconfig@4.13.7:
    dependencies:
      resolve-pkg-maps: 1.0.0

  glob-parent@5.1.2:
    dependencies:
      is-glob: 4.0.3

  globby@16.2.0:
    dependencies:
      '@sindresorhus/merge-streams': 4.0.0
      fast-glob: 3.3.3
      ignore: 7.0.5
      is-path-inside: 4.0.0
      slash: 5.1.0
      unicorn-magic: 0.4.0

  gray-matter@4.0.3:
    dependencies:
      js-yaml: 3.14.2
      kind-of: 6.0.3
      section-matter: 1.0.0
      strip-bom-string: 1.0.0

  ignore@7.0.5: {}

  is-extendable@0.1.1: {}

  is-extglob@2.1.1: {}

  is-glob@4.0.3:
    dependencies:
      is-extglob: 2.1.1

  is-number@7.0.0: {}

  is-path-inside@4.0.0: {}

  js-yaml@3.14.2:
    dependencies:
      argparse: 1.0.10
      esprima: 4.0.1

  kind-of@6.0.3: {}

  merge2@1.4.1: {}

  micromatch@4.0.8:
    dependencies:
      braces: 3.0.3
      picomatch: 2.3.2

  nanoid@3.3.11: {}

  node-releases@2.0.37: {}

  picocolors@1.1.1: {}

  picomatch@2.3.2: {}

  postcss-value-parser@4.2.0: {}

  postcss@8.5.8:
    dependencies:
      nanoid: 3.3.11
      picocolors: 1.1.1
      source-map-js: 1.2.1

  prettier@3.8.1: {}

  pretty-time@1.1.0: {}

  queue-microtask@1.2.3: {}

  resolve-pkg-maps@1.0.0: {}

  reusify@1.1.0: {}

  run-parallel@1.2.0:
    dependencies:
      queue-microtask: 1.2.3

  section-matter@1.0.0:
    dependencies:
      extend-shallow: 2.0.1
      kind-of: 6.0.3

  slash@5.1.0: {}

  source-map-js@1.2.1: {}

  sprintf-js@1.0.3: {}

  string-width@7.2.0:
    dependencies:
      emoji-regex: 10.6.0
      get-east-asian-width: 1.5.0
      strip-ansi: 7.2.0

  strip-ansi@7.2.0:
    dependencies:
      ansi-regex: 6.2.2

  strip-bom-string@1.0.0: {}

  to-regex-range@5.0.1:
    dependencies:
      is-number: 7.0.0

  to-vfile@8.0.0:
    dependencies:
      vfile: 6.0.3

  tslib@2.8.1: {}

  tsx@4.21.0:
    dependencies:
      esbuild: 0.27.7
      get-tsconfig: 4.13.7
    optionalDependencies:
      fsevents: 2.3.3

  typescript@6.0.2: {}

  undici-types@7.18.2: {}

  unicorn-magic@0.4.0: {}

  unist-util-stringify-position@4.0.0:
    dependencies:
      '@types/unist': 3.0.3

  update-browserslist-db@1.2.3(browserslist@4.28.2):
    dependencies:
      browserslist: 4.28.2
      escalade: 3.2.0
      picocolors: 1.1.1

  vfile-message@4.0.3:
    dependencies:
      '@types/unist': 3.0.3
      unist-util-stringify-position: 4.0.0

  vfile@6.0.3:
    dependencies:
      '@types/unist': 3.0.3
      vfile-message: 4.0.3

  wrap-ansi@9.0.2:
    dependencies:
      ansi-styles: 6.2.3
      string-width: 7.2.0
      strip-ansi: 7.2.0

  xregexp@5.1.2:
    dependencies:
      '@babel/runtime-corejs3': 7.29.2

  y18n@5.0.8: {}

  yargs-parser@22.0.0: {}

  yargs@18.0.0:
    dependencies:
      cliui: 9.0.1
      escalade: 3.2.0
      get-caller-file: 2.0.5
      string-width: 7.2.0
      y18n: 5.0.8
      yargs-parser: 22.0.0
